
Microsoft Visual Studio Solution File, Format Version 12.00
# Visual Studio Version 16
VisualStudioVersion = 16.0.31613.86
MinimumVisualStudioVersion = 10.0.40219.1
Project("{FAE04EC0-301F-11D3-BF4B-00C04F79EFBC}") = "SizingHelper", "SizingHelper\SizingHelper.csproj", "{68A8ABD4-CE1A-4C34-BC30-015551C7D056}"
EndProject
Global
	GlobalSection(SolutionConfigurationPlatforms) = preSolution
		Debug|Any CPU = Debug|Any CPU
		Release|Any CPU = Release|Any CPU
	EndGlobalSection
	GlobalSection(ProjectConfigurationPlatforms) = postSolution
		{68A8ABD4-CE1A-4C34-BC30-015551C7D056}.Debug|Any CPU.ActiveCfg = Debug|Any CPU
		{68A8ABD4-CE1A-4C34-BC30-015551C7D056}.Debug|Any CPU.Build.0 = Debug|Any CPU
		{68A8ABD4-CE1A-4C34-BC30-015551C7D056}.Release|Any CPU.ActiveCfg = Release|Any CPU
		{68A8ABD4-CE1A-4C34-BC30-015551C7D056}.Release|Any CPU.Build.0 = Release|Any CPU
	EndGlobalSection
	GlobalSection(SolutionProperties) = preSolution
		HideSolutionNode = FALSE
	EndGlobalSection
	GlobalSection(ExtensibilityGlobals) = postSolution
		SolutionGuid = {5FBEA0F8-471B-4467-90F1-67E246B39D7E}
	EndGlobalSection
EndGlobal
